
Microsoft Visual Studio Solution File, Format Version 12.00
# Visual Studio Version 16
VisualStudioVersion = 16.0.32002.261
MinimumVisualStudioVersion = 10.0.40219.1
Project("{2150E333-8FDC-42A3-9474-1A3956D46DE8}") = "tests", "tests", "{0AB3BF05-4346-4AA6-1389-037BE0695223}"
EndProject
Project("{FAE04EC0-301F-11D3-BF4B-00C04F79EFBC}") = "ControlEntradaSalida.Tests", "tests\ControlEntradaSalida.Tests\ControlEntradaSalida.Tests.csproj", "{B4D147F4-2159-4183-95CE-A8476A6FA970}"
EndProject
Project("{2150E333-8FDC-42A3-9474-1A3956D46DE8}") = "src", "src", "{827E0CD3-B72D-47B6-A68D-7590B98EB39B}"
EndProject
Project("{FAE04EC0-301F-11D3-BF4B-00C04F79EFBC}") = "AccessControl.Domain", "src\AccessControl.Domain\AccessControl.Domain.csproj", "{7E9D31CA-70E7-4E53-9E19-09AD8F9F9A0D}"
EndProject
Project("{FAE04EC0-301F-11D3-BF4B-00C04F79EFBC}") = "AccessControl.Application", "src\AccessControl.Application\AccessControl.Application.csproj", "{26539A1D-B3E2-4BBE-89EC-CCC5F66824A6}"
EndProject
Project("{FAE04EC0-301F-11D3-BF4B-00C04F79EFBC}") = "AccessControl.Compatibility.Grpc", "src\AccessControl.Compatibility.Grpc\AccessControl.Compatibility.Grpc.csproj", "{90E0AC76-F258-49AB-98AC-3E4167D77E31}"
EndProject
Project("{FAE04EC0-301F-11D3-BF4B-00C04F79EFBC}") = "AccessControl.Infrastructure.SqlServer", "src\AccessControl.Infrastructure.SqlServer\AccessControl.Infrastructure.SqlServer.csproj", "{C7FC5AF1-B7FA-43F3-A0B9-DCF84E564632}"
EndProject
Project("{FAE04EC0-301F-11D3-BF4B-00C04F79EFBC}") = "AccessControl.Infrastructure.Hikvision", "src\AccessControl.Infrastructure.Hikvision\AccessControl.Infrastructure.Hikvision.csproj", "{CE116F6B-430E-4DC2-9A01-45E7E7D9BA5C}"
EndProject
Project("{FAE04EC0-301F-11D3-BF4B-00C04F79EFBC}") = "AccessControl.Legacy", "src\AccessControl.Legacy\AccessControl.Legacy.csproj", "{EDA096EB-16DD-4751-93A1-28B4B1FA480E}"
EndProject
Project("{FAE04EC0-301F-11D3-BF4B-00C04F79EFBC}") = "AccessControl.Infrastructure.Observability", "src\AccessControl.Infrastructure.Observability\AccessControl.Infrastructure.Observability.csproj", "{1400F50B-AC3E-4ACC-ABA3-C1BAF71F6F78}"
EndProject
Project("{FAE04EC0-301F-11D3-BF4B-00C04F79EFBC}") = "AccessControl.Infrastructure.Security", "src\AccessControl.Infrastructure.Security\AccessControl.Infrastructure.Security.csproj", "{C2646C43-A1E4-4135-A557-1B9441AD127E}"
EndProject
Project("{FAE04EC0-301F-11D3-BF4B-00C04F79EFBC}") = "AccessControl.Host.WindowsService", "src\AccessControl.Host.WindowsService\AccessControl.Host.WindowsService.csproj", "{B66941E7-13F9-4D6A-BD3B-2630CEBA1DAE}"
EndProject
Project("{FAE04EC0-301F-11D3-BF4B-00C04F79EFBC}") = "AccessControl.Application.Tests", "tests\AccessControl.Application.Tests\AccessControl.Application.Tests.csproj", "{1B67EBDC-82A1-4110-80CB-95EB69492C8A}"
EndProject
Project("{FAE04EC0-301F-11D3-BF4B-00C04F79EFBC}") = "AccessControl.Compatibility.Grpc.Tests", "tests\AccessControl.Compatibility.Grpc.Tests\AccessControl.Compatibility.Grpc.Tests.csproj", "{7CBAD25C-2712-4525-A88A-0268210DA355}"
EndProject
Project("{FAE04EC0-301F-11D3-BF4B-00C04F79EFBC}") = "AccessControl.Contract.Tests", "tests\AccessControl.Contract.Tests\AccessControl.Contract.Tests.csproj", "{F193257B-F919-427F-8C68-913215C9AE40}"
EndProject
Project("{FAE04EC0-301F-11D3-BF4B-00C04F79EFBC}") = "AccessControl.Host.WindowsService.Tests", "tests\AccessControl.Host.WindowsService.Tests\AccessControl.Host.WindowsService.Tests.csproj", "{5E1F5A74-FD24-4FDA-B807-5319863816EA}"
EndProject
Global
	GlobalSection(SolutionConfigurationPlatforms) = preSolution
		Debug|Any CPU = Debug|Any CPU
		Debug|x64 = Debug|x64
		Debug|x86 = Debug|x86
		Release|Any CPU = Release|Any CPU
		Release|x64 = Release|x64
		Release|x86 = Release|x86
	EndGlobalSection
	GlobalSection(ProjectConfigurationPlatforms) = postSolution
		{B4D147F4-2159-4183-95CE-A8476A6FA970}.Debug|Any CPU.ActiveCfg = Debug|Any CPU
		{B4D147F4-2159-4183-95CE-A8476A6FA970}.Debug|Any CPU.Build.0 = Debug|Any CPU
		{B4D147F4-2159-4183-95CE-A8476A6FA970}.Debug|x64.ActiveCfg = Debug|Any CPU
		{B4D147F4-2159-4183-95CE-A8476A6FA970}.Debug|x64.Build.0 = Debug|Any CPU
		{B4D147F4-2159-4183-95CE-A8476A6FA970}.Debug|x86.ActiveCfg = Debug|Any CPU
		{B4D147F4-2159-4183-95CE-A8476A6FA970}.Debug|x86.Build.0 = Debug|Any CPU
		{B4D147F4-2159-4183-95CE-A8476A6FA970}.Release|Any CPU.ActiveCfg = Release|Any CPU
		{B4D147F4-2159-4183-95CE-A8476A6FA970}.Release|Any CPU.Build.0 = Release|Any CPU
		{B4D147F4-2159-4183-95CE-A8476A6FA970}.Release|x64.ActiveCfg = Release|Any CPU
		{B4D147F4-2159-4183-95CE-A8476A6FA970}.Release|x64.Build.0 = Release|Any CPU
		{B4D147F4-2159-4183-95CE-A8476A6FA970}.Release|x86.ActiveCfg = Release|Any CPU
		{B4D147F4-2159-4183-95CE-A8476A6FA970}.Release|x86.Build.0 = Release|Any CPU
		{7E9D31CA-70E7-4E53-9E19-09AD8F9F9A0D}.Debug|Any CPU.ActiveCfg = Debug|Any CPU
		{7E9D31CA-70E7-4E53-9E19-09AD8F9F9A0D}.Debug|Any CPU.Build.0 = Debug|Any CPU
		{7E9D31CA-70E7-4E53-9E19-09AD8F9F9A0D}.Debug|x64.ActiveCfg = Debug|Any CPU
		{7E9D31CA-70E7-4E53-9E19-09AD8F9F9A0D}.Debug|x64.Build.0 = Debug|Any CPU
		{7E9D31CA-70E7-4E53-9E19-09AD8F9F9A0D}.Debug|x86.ActiveCfg = Debug|Any CPU
		{7E9D31CA-70E7-4E53-9E19-09AD8F9F9A0D}.Debug|x86.Build.0 = Debug|Any CPU
		{7E9D31CA-70E7-4E53-9E19-09AD8F9F9A0D}.Release|Any CPU.ActiveCfg = Release|Any CPU
		{7E9D31CA-70E7-4E53-9E19-09AD8F9F9A0D}.Release|Any CPU.Build.0 = Release|Any CPU
		{7E9D31CA-70E7-4E53-9E19-09AD8F9F9A0D}.Release|x64.ActiveCfg = Release|Any CPU
		{7E9D31CA-70E7-4E53-9E19-09AD8F9F9A0D}.Release|x64.Build.0 = Release|Any CPU
		{7E9D31CA-70E7-4E53-9E19-09AD8F9F9A0D}.Release|x86.ActiveCfg = Release|Any CPU
		{7E9D31CA-70E7-4E53-9E19-09AD8F9F9A0D}.Release|x86.Build.0 = Release|Any CPU
		{26539A1D-B3E2-4BBE-89EC-CCC5F66824A6}.Debug|Any CPU.ActiveCfg = Debug|Any CPU
		{26539A1D-B3E2-4BBE-89EC-CCC5F66824A6}.Debug|Any CPU.Build.0 = Debug|Any CPU
		{26539A1D-B3E2-4BBE-89EC-CCC5F66824A6}.Debug|x64.ActiveCfg = Debug|Any CPU
		{26539A1D-B3E2-4BBE-89EC-CCC5F66824A6}.Debug|x64.Build.0 = Debug|Any CPU
		{26539A1D-B3E2-4BBE-89EC-CCC5F66824A6}.Debug|x86.ActiveCfg = Debug|Any CPU
		{26539A1D-B3E2-4BBE-89EC-CCC5F66824A6}.Debug|x86.Build.0 = Debug|Any CPU
		{26539A1D-B3E2-4BBE-89EC-CCC5F66824A6}.Release|Any CPU.ActiveCfg = Release|Any CPU
		{26539A1D-B3E2-4BBE-89EC-CCC5F66824A6}.Release|Any CPU.Build.0 = Release|Any CPU
		{26539A1D-B3E2-4BBE-89EC-CCC5F66824A6}.Release|x64.ActiveCfg = Release|Any CPU
		{26539A1D-B3E2-4BBE-89EC-CCC5F66824A6}.Release|x64.Build.0 = Release|Any CPU
		{26539A1D-B3E2-4BBE-89EC-CCC5F66824A6}.Release|x86.ActiveCfg = Release|Any CPU
		{26539A1D-B3E2-4BBE-89EC-CCC5F66824A6}.Release|x86.Build.0 = Release|Any CPU
		{90E0AC76-F258-49AB-98AC-3E4167D77E31}.Debug|Any CPU.ActiveCfg = Debug|Any CPU
		{90E0AC76-F258-49AB-98AC-3E4167D77E31}.Debug|Any CPU.Build.0 = Debug|Any CPU
		{90E0AC76-F258-49AB-98AC-3E4167D77E31}.Debug|x64.ActiveCfg = Debug|Any CPU
		{90E0AC76-F258-49AB-98AC-3E4167D77E31}.Debug|x64.Build.0 = Debug|Any CPU
		{90E0AC76-F258-49AB-98AC-3E4167D77E31}.Debug|x86.ActiveCfg = Debug|Any CPU
		{90E0AC76-F258-49AB-98AC-3E4167D77E31}.Debug|x86.Build.0 = Debug|Any CPU
		{90E0AC76-F258-49AB-98AC-3E4167D77E31}.Release|Any CPU.ActiveCfg = Release|Any CPU
		{90E0AC76-F258-49AB-98AC-3E4167D77E31}.Release|Any CPU.Build.0 = Release|Any CPU
		{90E0AC76-F258-49AB-98AC-3E4167D77E31}.Release|x64.ActiveCfg = Release|Any CPU
		{90E0AC76-F258-49AB-98AC-3E4167D77E31}.Release|x64.Build.0 = Release|Any CPU
		{90E0AC76-F258-49AB-98AC-3E4167D77E31}.Release|x86.ActiveCfg = Release|Any CPU
		{90E0AC76-F258-49AB-98AC-3E4167D77E31}.Release|x86.Build.0 = Release|Any CPU
		{C7FC5AF1-B7FA-43F3-A0B9-DCF84E564632}.Debug|Any CPU.ActiveCfg = Debug|Any CPU
		{C7FC5AF1-B7FA-43F3-A0B9-DCF84E564632}.Debug|Any CPU.Build.0 = Debug|Any CPU
		{C7FC5AF1-B7FA-43F3-A0B9-DCF84E564632}.Debug|x64.ActiveCfg = Debug|Any CPU
		{C7FC5AF1-B7FA-43F3-A0B9-DCF84E564632}.Debug|x64.Build.0 = Debug|Any CPU
		{C7FC5AF1-B7FA-43F3-A0B9-DCF84E564632}.Debug|x86.ActiveCfg = Debug|Any CPU
		{C7FC5AF1-B7FA-43F3-A0B9-DCF84E564632}.Debug|x86.Build.0 = Debug|Any CPU
		{C7FC5AF1-B7FA-43F3-A0B9-DCF84E564632}.Release|Any CPU.ActiveCfg = Release|Any CPU
		{C7FC5AF1-B7FA-43F3-A0B9-DCF84E564632}.Release|Any CPU.Build.0 = Release|Any CPU
		{C7FC5AF1-B7FA-43F3-A0B9-DCF84E564632}.Release|x64.ActiveCfg = Release|Any CPU
		{C7FC5AF1-B7FA-43F3-A0B9-DCF84E564632}.Release|x64.Build.0 = Release|Any CPU
		{C7FC5AF1-B7FA-43F3-A0B9-DCF84E564632}.Release|x86.ActiveCfg = Release|Any CPU
		{C7FC5AF1-B7FA-43F3-A0B9-DCF84E564632}.Release|x86.Build.0 = Release|Any CPU
		{CE116F6B-430E-4DC2-9A01-45E7E7D9BA5C}.Debug|Any CPU.ActiveCfg = Debug|Any CPU
		{CE116F6B-430E-4DC2-9A01-45E7E7D9BA5C}.Debug|Any CPU.Build.0 = Debug|Any CPU
		{CE116F6B-430E-4DC2-9A01-45E7E7D9BA5C}.Debug|x64.ActiveCfg = Debug|Any CPU
		{CE116F6B-430E-4DC2-9A01-45E7E7D9BA5C}.Debug|x64.Build.0 = Debug|Any CPU
		{CE116F6B-430E-4DC2-9A01-45E7E7D9BA5C}.Debug|x86.ActiveCfg = Debug|Any CPU
		{CE116F6B-430E-4DC2-9A01-45E7E7D9BA5C}.Debug|x86.Build.0 = Debug|Any CPU
		{CE116F6B-430E-4DC2-9A01-45E7E7D9BA5C}.Release|Any CPU.ActiveCfg = Release|Any CPU
		{CE116F6B-430E-4DC2-9A01-45E7E7D9BA5C}.Release|Any CPU.Build.0 = Release|Any CPU
		{CE116F6B-430E-4DC2-9A01-45E7E7D9BA5C}.Release|x64.ActiveCfg = Release|Any CPU
		{CE116F6B-430E-4DC2-9A01-45E7E7D9BA5C}.Release|x64.Build.0 = Release|Any CPU
		{CE116F6B-430E-4DC2-9A01-45E7E7D9BA5C}.Release|x86.ActiveCfg = Release|Any CPU
		{CE116F6B-430E-4DC2-9A01-45E7E7D9BA5C}.Release|x86.Build.0 = Release|Any CPU
		{EDA096EB-16DD-4751-93A1-28B4B1FA480E}.Debug|Any CPU.ActiveCfg = Debug|Any CPU
		{EDA096EB-16DD-4751-93A1-28B4B1FA480E}.Debug|Any CPU.Build.0 = Debug|Any CPU
		{EDA096EB-16DD-4751-93A1-28B4B1FA480E}.Debug|x64.ActiveCfg = Debug|Any CPU
		{EDA096EB-16DD-4751-93A1-28B4B1FA480E}.Debug|x64.Build.0 = Debug|Any CPU
		{EDA096EB-16DD-4751-93A1-28B4B1FA480E}.Debug|x86.ActiveCfg = Debug|Any CPU
		{EDA096EB-16DD-4751-93A1-28B4B1FA480E}.Debug|x86.Build.0 = Debug|Any CPU
		{EDA096EB-16DD-4751-93A1-28B4B1FA480E}.Release|Any CPU.ActiveCfg = Release|Any CPU
		{EDA096EB-16DD-4751-93A1-28B4B1FA480E}.Release|Any CPU.Build.0 = Release|Any CPU
		{EDA096EB-16DD-4751-93A1-28B4B1FA480E}.Release|x64.ActiveCfg = Release|Any CPU
		{EDA096EB-16DD-4751-93A1-28B4B1FA480E}.Release|x64.Build.0 = Release|Any CPU
		{EDA096EB-16DD-4751-93A1-28B4B1FA480E}.Release|x86.ActiveCfg = Release|Any CPU
		{EDA096EB-16DD-4751-93A1-28B4B1FA480E}.Release|x86.Build.0 = Release|Any CPU
		{1400F50B-AC3E-4ACC-ABA3-C1BAF71F6F78}.Debug|Any CPU.ActiveCfg = Debug|Any CPU
		{1400F50B-AC3E-4ACC-ABA3-C1BAF71F6F78}.Debug|Any CPU.Build.0 = Debug|Any CPU
		{1400F50B-AC3E-4ACC-ABA3-C1BAF71F6F78}.Debug|x64.ActiveCfg = Debug|Any CPU
		{1400F50B-AC3E-4ACC-ABA3-C1BAF71F6F78}.Debug|x64.Build.0 = Debug|Any CPU
		{1400F50B-AC3E-4ACC-ABA3-C1BAF71F6F78}.Debug|x86.ActiveCfg = Debug|Any CPU
		{1400F50B-AC3E-4ACC-ABA3-C1BAF71F6F78}.Debug|x86.Build.0 = Debug|Any CPU
		{1400F50B-AC3E-4ACC-ABA3-C1BAF71F6F78}.Release|Any CPU.ActiveCfg = Release|Any CPU
		{1400F50B-AC3E-4ACC-ABA3-C1BAF71F6F78}.Release|Any CPU.Build.0 = Release|Any CPU
		{1400F50B-AC3E-4ACC-ABA3-C1BAF71F6F78}.Release|x64.ActiveCfg = Release|Any CPU
		{1400F50B-AC3E-4ACC-ABA3-C1BAF71F6F78}.Release|x64.Build.0 = Release|Any CPU
		{1400F50B-AC3E-4ACC-ABA3-C1BAF71F6F78}.Release|x86.ActiveCfg = Release|Any CPU
		{1400F50B-AC3E-4ACC-ABA3-C1BAF71F6F78}.Release|x86.Build.0 = Release|Any CPU
		{C2646C43-A1E4-4135-A557-1B9441AD127E}.Debug|Any CPU.ActiveCfg = Debug|Any CPU
		{C2646C43-A1E4-4135-A557-1B9441AD127E}.Debug|Any CPU.Build.0 = Debug|Any CPU
		{C2646C43-A1E4-4135-A557-1B9441AD127E}.Debug|x64.ActiveCfg = Debug|Any CPU
		{C2646C43-A1E4-4135-A557-1B9441AD127E}.Debug|x64.Build.0 = Debug|Any CPU
		{C2646C43-A1E4-4135-A557-1B9441AD127E}.Debug|x86.ActiveCfg = Debug|Any CPU
		{C2646C43-A1E4-4135-A557-1B9441AD127E}.Debug|x86.Build.0 = Debug|Any CPU
		{C2646C43-A1E4-4135-A557-1B9441AD127E}.Release|Any CPU.ActiveCfg = Release|Any CPU
		{C2646C43-A1E4-4135-A557-1B9441AD127E}.Release|Any CPU.Build.0 = Release|Any CPU
		{C2646C43-A1E4-4135-A557-1B9441AD127E}.Release|x64.ActiveCfg = Release|Any CPU
		{C2646C43-A1E4-4135-A557-1B9441AD127E}.Release|x64.Build.0 = Release|Any CPU
		{C2646C43-A1E4-4135-A557-1B9441AD127E}.Release|x86.ActiveCfg = Release|Any CPU
		{C2646C43-A1E4-4135-A557-1B9441AD127E}.Release|x86.Build.0 = Release|Any CPU
		{B66941E7-13F9-4D6A-BD3B-2630CEBA1DAE}.Debug|Any CPU.ActiveCfg = Debug|Any CPU
		{B66941E7-13F9-4D6A-BD3B-2630CEBA1DAE}.Debug|Any CPU.Build.0 = Debug|Any CPU
		{B66941E7-13F9-4D6A-BD3B-2630CEBA1DAE}.Debug|x64.ActiveCfg = Debug|Any CPU
		{B66941E7-13F9-4D6A-BD3B-2630CEBA1DAE}.Debug|x64.Build.0 = Debug|Any CPU
		{B66941E7-13F9-4D6A-BD3B-2630CEBA1DAE}.Debug|x86.ActiveCfg = Debug|Any CPU
		{B66941E7-13F9-4D6A-BD3B-2630CEBA1DAE}.Debug|x86.Build.0 = Debug|Any CPU
		{B66941E7-13F9-4D6A-BD3B-2630CEBA1DAE}.Release|Any CPU.ActiveCfg = Release|Any CPU
		{B66941E7-13F9-4D6A-BD3B-2630CEBA1DAE}.Release|Any CPU.Build.0 = Release|Any CPU
		{B66941E7-13F9-4D6A-BD3B-2630CEBA1DAE}.Release|x64.ActiveCfg = Release|Any CPU
		{B66941E7-13F9-4D6A-BD3B-2630CEBA1DAE}.Release|x64.Build.0 = Release|Any CPU
		{B66941E7-13F9-4D6A-BD3B-2630CEBA1DAE}.Release|x86.ActiveCfg = Release|Any CPU
		{B66941E7-13F9-4D6A-BD3B-2630CEBA1DAE}.Release|x86.Build.0 = Release|Any CPU
		{1B67EBDC-82A1-4110-80CB-95EB69492C8A}.Debug|Any CPU.ActiveCfg = Debug|Any CPU
		{1B67EBDC-82A1-4110-80CB-95EB69492C8A}.Debug|Any CPU.Build.0 = Debug|Any CPU
		{1B67EBDC-82A1-4110-80CB-95EB69492C8A}.Debug|x64.ActiveCfg = Debug|Any CPU
		{1B67EBDC-82A1-4110-80CB-95EB69492C8A}.Debug|x64.Build.0 = Debug|Any CPU
		{1B67EBDC-82A1-4110-80CB-95EB69492C8A}.Debug|x86.ActiveCfg = Debug|Any CPU
		{1B67EBDC-82A1-4110-80CB-95EB69492C8A}.Debug|x86.Build.0 = Debug|Any CPU
		{1B67EBDC-82A1-4110-80CB-95EB69492C8A}.Release|Any CPU.ActiveCfg = Release|Any CPU
		{1B67EBDC-82A1-4110-80CB-95EB69492C8A}.Release|Any CPU.Build.0 = Release|Any CPU
		{1B67EBDC-82A1-4110-80CB-95EB69492C8A}.Release|x64.ActiveCfg = Release|Any CPU
		{1B67EBDC-82A1-4110-80CB-95EB69492C8A}.Release|x64.Build.0 = Release|Any CPU
		{1B67EBDC-82A1-4110-80CB-95EB69492C8A}.Release|x86.ActiveCfg = Release|Any CPU
		{1B67EBDC-82A1-4110-80CB-95EB69492C8A}.Release|x86.Build.0 = Release|Any CPU
		{7CBAD25C-2712-4525-A88A-0268210DA355}.Debug|Any CPU.ActiveCfg = Debug|Any CPU
		{7CBAD25C-2712-4525-A88A-0268210DA355}.Debug|Any CPU.Build.0 = Debug|Any CPU
		{7CBAD25C-2712-4525-A88A-0268210DA355}.Debug|x64.ActiveCfg = Debug|Any CPU
		{7CBAD25C-2712-4525-A88A-0268210DA355}.Debug|x64.Build.0 = Debug|Any CPU
		{7CBAD25C-2712-4525-A88A-0268210DA355}.Debug|x86.ActiveCfg = Debug|Any CPU
		{7CBAD25C-2712-4525-A88A-0268210DA355}.Debug|x86.Build.0 = Debug|Any CPU
		{7CBAD25C-2712-4525-A88A-0268210DA355}.Release|Any CPU.ActiveCfg = Release|Any CPU
		{7CBAD25C-2712-4525-A88A-0268210DA355}.Release|Any CPU.Build.0 = Release|Any CPU
		{7CBAD25C-2712-4525-A88A-0268210DA355}.Release|x64.ActiveCfg = Release|Any CPU
		{7CBAD25C-2712-4525-A88A-0268210DA355}.Release|x64.Build.0 = Release|Any CPU
		{7CBAD25C-2712-4525-A88A-0268210DA355}.Release|x86.ActiveCfg = Release|Any CPU
		{7CBAD25C-2712-4525-A88A-0268210DA355}.Release|x86.Build.0 = Release|Any CPU
		{F193257B-F919-427F-8C68-913215C9AE40}.Debug|Any CPU.ActiveCfg = Debug|Any CPU
		{F193257B-F919-427F-8C68-913215C9AE40}.Debug|Any CPU.Build.0 = Debug|Any CPU
		{F193257B-F919-427F-8C68-913215C9AE40}.Debug|x64.ActiveCfg = Debug|Any CPU
		{F193257B-F919-427F-8C68-913215C9AE40}.Debug|x64.Build.0 = Debug|Any CPU
		{F193257B-F919-427F-8C68-913215C9AE40}.Debug|x86.ActiveCfg = Debug|Any CPU
		{F193257B-F919-427F-8C68-913215C9AE40}.Debug|x86.Build.0 = Debug|Any CPU
		{F193257B-F919-427F-8C68-913215C9AE40}.Release|Any CPU.ActiveCfg = Release|Any CPU
		{F193257B-F919-427F-8C68-913215C9AE40}.Release|Any CPU.Build.0 = Release|Any CPU
		{F193257B-F919-427F-8C68-913215C9AE40}.Release|x64.ActiveCfg = Release|Any CPU
		{F193257B-F919-427F-8C68-913215C9AE40}.Release|x64.Build.0 = Release|Any CPU
		{F193257B-F919-427F-8C68-913215C9AE40}.Release|x86.ActiveCfg = Release|Any CPU
		{F193257B-F919-427F-8C68-913215C9AE40}.Release|x86.Build.0 = Release|Any CPU
		{5E1F5A74-FD24-4FDA-B807-5319863816EA}.Debug|Any CPU.ActiveCfg = Debug|Any CPU
		{5E1F5A74-FD24-4FDA-B807-5319863816EA}.Debug|Any CPU.Build.0 = Debug|Any CPU
		{5E1F5A74-FD24-4FDA-B807-5319863816EA}.Debug|x64.ActiveCfg = Debug|Any CPU
		{5E1F5A74-FD24-4FDA-B807-5319863816EA}.Debug|x64.Build.0 = Debug|Any CPU
		{5E1F5A74-FD24-4FDA-B807-5319863816EA}.Debug|x86.ActiveCfg = Debug|Any CPU
		{5E1F5A74-FD24-4FDA-B807-5319863816EA}.Debug|x86.Build.0 = Debug|Any CPU
		{5E1F5A74-FD24-4FDA-B807-5319863816EA}.Release|Any CPU.ActiveCfg = Release|Any CPU
		{5E1F5A74-FD24-4FDA-B807-5319863816EA}.Release|Any CPU.Build.0 = Release|Any CPU
		{5E1F5A74-FD24-4FDA-B807-5319863816EA}.Release|x64.ActiveCfg = Release|Any CPU
		{5E1F5A74-FD24-4FDA-B807-5319863816EA}.Release|x64.Build.0 = Release|Any CPU
		{5E1F5A74-FD24-4FDA-B807-5319863816EA}.Release|x86.ActiveCfg = Release|Any CPU
		{5E1F5A74-FD24-4FDA-B807-5319863816EA}.Release|x86.Build.0 = Release|Any CPU
	EndGlobalSection
	GlobalSection(SolutionProperties) = preSolution
		HideSolutionNode = FALSE
	EndGlobalSection
	GlobalSection(NestedProjects) = preSolution
		{B4D147F4-2159-4183-95CE-A8476A6FA970} = {0AB3BF05-4346-4AA6-1389-037BE0695223}
		{7E9D31CA-70E7-4E53-9E19-09AD8F9F9A0D} = {827E0CD3-B72D-47B6-A68D-7590B98EB39B}
		{26539A1D-B3E2-4BBE-89EC-CCC5F66824A6} = {827E0CD3-B72D-47B6-A68D-7590B98EB39B}
		{90E0AC76-F258-49AB-98AC-3E4167D77E31} = {827E0CD3-B72D-47B6-A68D-7590B98EB39B}
		{C7FC5AF1-B7FA-43F3-A0B9-DCF84E564632} = {827E0CD3-B72D-47B6-A68D-7590B98EB39B}
		{CE116F6B-430E-4DC2-9A01-45E7E7D9BA5C} = {827E0CD3-B72D-47B6-A68D-7590B98EB39B}
		{EDA096EB-16DD-4751-93A1-28B4B1FA480E} = {827E0CD3-B72D-47B6-A68D-7590B98EB39B}
		{1400F50B-AC3E-4ACC-ABA3-C1BAF71F6F78} = {827E0CD3-B72D-47B6-A68D-7590B98EB39B}
		{C2646C43-A1E4-4135-A557-1B9441AD127E} = {827E0CD3-B72D-47B6-A68D-7590B98EB39B}
		{B66941E7-13F9-4D6A-BD3B-2630CEBA1DAE} = {827E0CD3-B72D-47B6-A68D-7590B98EB39B}
		{1B67EBDC-82A1-4110-80CB-95EB69492C8A} = {0AB3BF05-4346-4AA6-1389-037BE0695223}
		{7CBAD25C-2712-4525-A88A-0268210DA355} = {0AB3BF05-4346-4AA6-1389-037BE0695223}
		{F193257B-F919-427F-8C68-913215C9AE40} = {0AB3BF05-4346-4AA6-1389-037BE0695223}
		{5E1F5A74-FD24-4FDA-B807-5319863816EA} = {0AB3BF05-4346-4AA6-1389-037BE0695223}
	EndGlobalSection
	GlobalSection(ExtensibilityGlobals) = postSolution
		SolutionGuid = {9E120912-5EB7-4DFD-B16D-BFC038011A6E}
	EndGlobalSection
EndGlobal
